
Microsoft Visual Studio Solution File, Format Version 12.00
# Visual Studio 14
VisualStudioVersion = 14.0.24720.0
MinimumVisualStudioVersion = 10.0.40219.1
Project("{FAE04EC0-301F-11D3-BF4B-00C04F79EFBC}") = "OdeToFood", "OdeToFood\OdeToFood.csproj", "{A053F33E-7C9E-4C26-98E9-A39C00113960}"
EndProject
Project("{FAE04EC0-301F-11D3-BF4B-00C04F79EFBC}") = "OdeToFood.Tests", "OdeToFood.Tests\OdeToFood.Tests.csproj", "{F7B446CB-8C14-4CCB-A464-A98FF0190AA0}"
EndProject
Global
	GlobalSection(SolutionConfigurationPlatforms) = preSolution
		Debug|Any CPU = Debug|Any CPU
		Release|Any CPU = Release|Any CPU
	EndGlobalSection
	GlobalSection(ProjectConfigurationPlatforms) = postSolution
		{A053F33E-7C9E-4C26-98E9-A39C00113960}.Debug|Any CPU.ActiveCfg = Debug|Any CPU
		{A053F33E-7C9E-4C26-98E9-A39C00113960}.Debug|Any CPU.Build.0 = Debug|Any CPU
		{A053F33E-7C9E-4C26-98E9-A39C00113960}.Release|Any CPU.ActiveCfg = Release|Any CPU
		{A053F33E-7C9E-4C26-98E9-A39C00113960}.Release|Any CPU.Build.0 = Release|Any CPU
		{F7B446CB-8C14-4CCB-A464-A98FF0190AA0}.Debug|Any CPU.ActiveCfg = Debug|Any CPU
		{F7B446CB-8C14-4CCB-A464-A98FF0190AA0}.Debug|Any CPU.Build.0 = Debug|Any CPU
		{F7B446CB-8C14-4CCB-A464-A98FF0190AA0}.Release|Any CPU.ActiveCfg = Release|Any CPU
		{F7B446CB-8C14-4CCB-A464-A98FF0190AA0}.Release|Any CPU.Build.0 = Release|Any CPU
	EndGlobalSection
	GlobalSection(SolutionProperties) = preSolution
		HideSolutionNode = FALSE
	EndGlobalSection
EndGlobal
